{
    "_readme": [
        "This file locks the dependencies of your project to a known state",
        "Read more about it at https://getcomposer.org/doc/01-basic-usage.md#composer-lock-the-lock-file",
        "This file is @generated automatically"
    ],
    "content-hash": "c7ad6b223e25fda92b4eab38c64e547e",
    "packages": [
        {
            "name": "diabolo/diabolo-framework",
            "version": "1.0.0",
            "source": {
                "type": "git",
                "url": "https://github.com/Diabolo-Framework/Diabolo.git",
                "reference": "f8f4452ee1707488906ea7d9c19c939ee729b76a"
            },
            "dist": {
                "type": "zip",
                "url": "https://files.phpcomposer.com/files/Diabolo-Framework/Diabolo/f8f4452ee1707488906ea7d9c19c939ee729b76a.zip",
                "reference": "f8f4452ee1707488906ea7d9c19c939ee729b76a",
                "shasum": ""
            },
            "require": {
                "php": ">=5.3"
            },
            "bin": [
                "x"
            ],
            "type": "library",
            "autoload": {
                "psr-4": {
                    "X\\": "Framework/"
                }
            },
            "notification-url": "https://packagist.org/downloads/",
            "license": [
                "MIT"
            ],
            "authors": [
                {
                    "name": "sige",
                    "email": "michaelluthor@163.com",
                    "homepage": "https://github.com/MichaelLuthor",
                    "role": "Developer"
                }
            ],
            "description": "Yet another easy-to-use framework.",
            "homepage": "http://diabolo-framework.com",
            "keywords": [
                "diabolo",
                "framework"
            ],
            "time": "2018-06-07T02:31:26+00:00"
        }
    ],
    "packages-dev": [],
    "aliases": [],
    "minimum-stability": "stable",
    "stability-flags": [],
    "prefer-stable": false,
    "prefer-lowest": false,
    "platform": [],
    "platform-dev": []
}
